
Microsoft Visual Studio Solution File, Format Version 12.00
# Visual Studio Version 17
VisualStudioVersion = 17.8.34330.188
MinimumVisualStudioVersion = 10.0.40219.1
Project("{FAE04EC0-301F-11D3-BF4B-00C04F79EFBC}") = "Sesion2", "Sesion2\Sesion2.csproj", "{2515295D-4A2B-411E-A312-0656F7847038}"
EndProject
Global
	GlobalSection(SolutionConfigurationPlatforms) = preSolution
		Debug|Any CPU = Debug|Any CPU
		Release|Any CPU = Release|Any CPU
	EndGlobalSection
	GlobalSection(ProjectConfigurationPlatforms) = postSolution
		{2515295D-4A2B-411E-A312-0656F7847038}.Debug|Any CPU.ActiveCfg = Debug|Any CPU
		{2515295D-4A2B-411E-A312-0656F7847038}.Debug|Any CPU.Build.0 = Debug|Any CPU
		{2515295D-4A2B-411E-A312-0656F7847038}.Release|Any CPU.ActiveCfg = Release|Any CPU
		{2515295D-4A2B-411E-A312-0656F7847038}.Release|Any CPU.Build.0 = Release|Any CPU
	EndGlobalSection
	GlobalSection(SolutionProperties) = preSolution
		HideSolutionNode = FALSE
	EndGlobalSection
	GlobalSection(ExtensibilityGlobals) = postSolution
		SolutionGuid = {5BE33399-2F33-41D5-930F-C8E554934F0E}
	EndGlobalSection
EndGlobal
